{
  "originHash" : "6e96fc952fbdaf9b2863950fcd019c1f7c0a1983be9e7c12e6cf8a10871be65b",
  "pins" : [
    {
      "identity" : "payu-upi-bolt-ios",
      "kind" : "remoteSourceControl",
      "location" : "https://github.com/payu-intrepos/payu-upi-bolt-ios",
      "state" : {
        "revision" : "e0f5a5f13bcacb7daedcaf3eb7318710dccdbbdd",
        "version" : "1.0.1"
      }
    },
    {
      "identity" : "payuanalytics-ios",
      "kind" : "remoteSourceControl",
      "location" : "https://github.com/payu-intrepos/PayUAnalytics-iOS.git",
      "state" : {
        "revision" : "5531c51a199d25780459f3285b198dfc13f3f990",
        "version" : "4.0.2"
      }
    },
    {
      "identity" : "payuassetlibrary-ios",
      "kind" : "remoteSourceControl",
      "location" : "https://github.com/payu-intrepos/PayUAssetLibrary-iOS.git",
      "state" : {
        "revision" : "1d08333eac46436555731ecf2efe6f453218e532",
        "version" : "4.0.1"
      }
    },
    {
      "identity" : "payucrashreporter-ios",
      "kind" : "remoteSourceControl",
      "location" : "https://github.com/payu-intrepos/PayUCrashReporter-iOS.git",
      "state" : {
        "revision" : "454760775aaa4a9cf9d9a3ec8aec2fdf276ad664",
        "version" : "4.0.1"
      }
    },
    {
      "identity" : "payunetworkreachability-ios",
      "kind" : "remoteSourceControl",
      "location" : "https://github.com/payu-intrepos/PayUNetworkReachability-iOS.git",
      "state" : {
        "revision" : "2c4e108fa7654cfca2dbb4f96f176a5788470d18",
        "version" : "2.1.1"
      }
    }
  ],
  "version" : 3
}
