{
  "originHash" : "3812a57ed7075a87f9e480d7a9cbf626cf05ce548b4996cdb8c24b5d68697c55",
  "pins" : [
    {
      "identity" : "payuanalytics-ios",
      "kind" : "remoteSourceControl",
      "location" : "https://github.com/payu-intrepos/PayUAnalytics-iOS.git",
      "state" : {
        "revision" : "5531c51a199d25780459f3285b198dfc13f3f990",
        "version" : "4.0.2"
      }
    },
    {
      "identity" : "payuassetlibrary-ios",
      "kind" : "remoteSourceControl",
      "location" : "https://github.com/payu-intrepos/PayUAssetLibrary-iOS.git",
      "state" : {
        "revision" : "1d08333eac46436555731ecf2efe6f453218e532",
        "version" : "4.0.1"
      }
    },
    {
      "identity" : "payucrashreporter-ios",
      "kind" : "remoteSourceControl",
      "location" : "https://github.com/payu-intrepos/PayUCrashReporter-iOS.git",
      "state" : {
        "revision" : "454760775aaa4a9cf9d9a3ec8aec2fdf276ad664",
        "version" : "4.0.1"
      }
    },
    {
      "identity" : "payunetworkreachability-ios",
      "kind" : "remoteSourceControl",
      "location" : "https://github.com/payu-intrepos/PayUNetworkReachability-iOS.git",
      "state" : {
        "revision" : "2c4e108fa7654cfca2dbb4f96f176a5788470d18",
        "version" : "2.1.1"
      }
    }
  ],
  "version" : 3
}
