// !$*UTF8*$!
{
	archiveVersion = 1;
	classes = {
	};
	objectVersion = 56;
	objects = {

/* Begin PBXBuildFile section */
		A75BF8DA2CA3F6CA00BD735B /* SDKHelper.swift in Sources */ = {isa = PBXBuildFile; fileRef = A75BF8D62CA3F6CA00BD735B /* SDKHelper.swift */; };
		A75BF8DB2CA3F6CA00BD735B /* BoltSDKHelper.swift in Sources */ = {isa = PBXBuildFile; fileRef = A75BF8D72CA3F6CA00BD735B /* BoltSDKHelper.swift */; };
		A75BF8F52CA3F6E500BD735B /* ViewController.swift in Sources */ = {isa = PBXBuildFile; fileRef = A75BF8DE2CA3F6E500BD735B /* ViewController.swift */; };
		A75BF8F62CA3F6E500BD735B /* BoltAPIsTestViewController.swift in Sources */ = {isa = PBXBuildFile; fileRef = A75BF8DF2CA3F6E500BD735B /* BoltAPIsTestViewController.swift */; };
		A75BF8F72CA3F6E500BD735B /* Assets.xcassets in Resources */ = {isa = PBXBuildFile; fileRef = A75BF8E02CA3F6E500BD735B /* Assets.xcassets */; };
		A75BF8F82CA3F6E500BD735B /* LaunchScreen.storyboard in Resources */ = {isa = PBXBuildFile; fileRef = A75BF8E12CA3F6E500BD735B /* LaunchScreen.storyboard */; };
		A75BF8F92CA3F6E500BD735B /* Main.storyboard in Resources */ = {isa = PBXBuildFile; fileRef = A75BF8E32CA3F6E500BD735B /* Main.storyboard */; };
		A75BF8FA2CA3F6E500BD735B /* Utils.swift in Sources */ = {isa = PBXBuildFile; fileRef = A75BF8E52CA3F6E500BD735B /* Utils.swift */; };
		A75BF8FB2CA3F6E500BD735B /* AppDelegate.swift in Sources */ = {isa = PBXBuildFile; fileRef = A75BF8E62CA3F6E500BD735B /* AppDelegate.swift */; };
		A75BF8FC2CA3F6E500BD735B /* DancingScript-Bold.ttf in Resources */ = {isa = PBXBuildFile; fileRef = A75BF8E92CA3F6E500BD735B /* DancingScript-Bold.ttf */; };
		A75BF8FD2CA3F6E500BD735B /* DancingScript-Medium.ttf in Resources */ = {isa = PBXBuildFile; fileRef = A75BF8EA2CA3F6E500BD735B /* DancingScript-Medium.ttf */; };
		A75BF8FE2CA3F6E500BD735B /* DancingScript-Regular.ttf in Resources */ = {isa = PBXBuildFile; fileRef = A75BF8EB2CA3F6E500BD735B /* DancingScript-Regular.ttf */; };
		A75BF8FF2CA3F6E500BD735B /* DancingScript-SemiBold.ttf in Resources */ = {isa = PBXBuildFile; fileRef = A75BF8EC2CA3F6E500BD735B /* DancingScript-SemiBold.ttf */; };
		A75BF9002CA3F6E500BD735B /* Roboto-Medium.ttf in Resources */ = {isa = PBXBuildFile; fileRef = A75BF8EE2CA3F6E500BD735B /* Roboto-Medium.ttf */; };
		A75BF9012CA3F6E500BD735B /* JosefinSans-Bold.ttf in Resources */ = {isa = PBXBuildFile; fileRef = A75BF8EF2CA3F6E500BD735B /* JosefinSans-Bold.ttf */; };
		A75BF9022CA3F6E500BD735B /* Roboto-Regular.ttf in Resources */ = {isa = PBXBuildFile; fileRef = A75BF8F02CA3F6E500BD735B /* Roboto-Regular.ttf */; };
		A75BF9032CA3F6E500BD735B /* JosefinSans-SemiBold.ttf in Resources */ = {isa = PBXBuildFile; fileRef = A75BF8F12CA3F6E500BD735B /* JosefinSans-SemiBold.ttf */; };
		A75BF9042CA3F6E500BD735B /* JosefinSans-Regular.ttf in Resources */ = {isa = PBXBuildFile; fileRef = A75BF8F22CA3F6E500BD735B /* JosefinSans-Regular.ttf */; };
		A75BF9052CA3F6E500BD735B /* Roboto-Bold.ttf in Resources */ = {isa = PBXBuildFile; fileRef = A75BF8F32CA3F6E500BD735B /* Roboto-Bold.ttf */; };
		A75BF9062CA3F6E500BD735B /* SceneDelegate.swift in Sources */ = {isa = PBXBuildFile; fileRef = A75BF8F42CA3F6E500BD735B /* SceneDelegate.swift */; };
		A7A876292D01DBFE0050C193 /* PayUIndia-UPIBoltKit in Frameworks */ = {isa = PBXBuildFile; productRef = A7A876282D01DBFE0050C193 /* PayUIndia-UPIBoltKit */; };
		A7A8762B2D01DBFE0050C193 /* PayUIndia-UPIBoltUIKit in Frameworks */ = {isa = PBXBuildFile; productRef = A7A8762A2D01DBFE0050C193 /* PayUIndia-UPIBoltUIKit */; };
/* End PBXBuildFile section */

/* Begin PBXCopyFilesBuildPhase section */
		A79B7B322D01D70400E21FA4 /* Embed Frameworks */ = {
			isa = PBXCopyFilesBuildPhase;
			buildActionMask = 2147483647;
			dstPath = "";
			dstSubfolderSpec = 10;
			files = (
			);
			name = "Embed Frameworks";
			runOnlyForDeploymentPostprocessing = 0;
		};
/* End PBXCopyFilesBuildPhase section */

/* Begin PBXFileReference section */
		A75BF8BE2CA3F64600BD735B /* PayUUPIBoltSwiftSampleApp.app */ = {isa = PBXFileReference; explicitFileType = wrapper.application; includeInIndex = 0; path = PayUUPIBoltSwiftSampleApp.app; sourceTree = BUILT_PRODUCTS_DIR; };
		A75BF8D62CA3F6CA00BD735B /* SDKHelper.swift */ = {isa = PBXFileReference; fileEncoding = 4; lastKnownFileType = sourcecode.swift; path = SDKHelper.swift; sourceTree = "<group>"; };
		A75BF8D72CA3F6CA00BD735B /* BoltSDKHelper.swift */ = {isa = PBXFileReference; fileEncoding = 4; lastKnownFileType = sourcecode.swift; path = BoltSDKHelper.swift; sourceTree = "<group>"; };
		A75BF8D82CA3F6CA00BD735B /* Info.plist */ = {isa = PBXFileReference; fileEncoding = 4; lastKnownFileType = text.plist.xml; path = Info.plist; sourceTree = "<group>"; };
		A75BF8DE2CA3F6E500BD735B /* ViewController.swift */ = {isa = PBXFileReference; fileEncoding = 4; lastKnownFileType = sourcecode.swift; path = ViewController.swift; sourceTree = "<group>"; };
		A75BF8DF2CA3F6E500BD735B /* BoltAPIsTestViewController.swift */ = {isa = PBXFileReference; fileEncoding = 4; lastKnownFileType = sourcecode.swift; path = BoltAPIsTestViewController.swift; sourceTree = "<group>"; };
		A75BF8E02CA3F6E500BD735B /* Assets.xcassets */ = {isa = PBXFileReference; lastKnownFileType = folder.assetcatalog; path = Assets.xcassets; sourceTree = "<group>"; };
		A75BF8E22CA3F6E500BD735B /* Base */ = {isa = PBXFileReference; lastKnownFileType = file.storyboard; name = Base; path = Base.lproj/LaunchScreen.storyboard; sourceTree = "<group>"; };
		A75BF8E42CA3F6E500BD735B /* Base */ = {isa = PBXFileReference; lastKnownFileType = file.storyboard; name = Base; path = Base.lproj/Main.storyboard; sourceTree = "<group>"; };
		A75BF8E52CA3F6E500BD735B /* Utils.swift */ = {isa = PBXFileReference; fileEncoding = 4; lastKnownFileType = sourcecode.swift; path = Utils.swift; sourceTree = "<group>"; };
		A75BF8E62CA3F6E500BD735B /* AppDelegate.swift */ = {isa = PBXFileReference; fileEncoding = 4; lastKnownFileType = sourcecode.swift; path = AppDelegate.swift; sourceTree = "<group>"; };
		A75BF8E92CA3F6E500BD735B /* DancingScript-Bold.ttf */ = {isa = PBXFileReference; lastKnownFileType = file; path = "DancingScript-Bold.ttf"; sourceTree = "<group>"; };
		A75BF8EA2CA3F6E500BD735B /* DancingScript-Medium.ttf */ = {isa = PBXFileReference; lastKnownFileType = file; path = "DancingScript-Medium.ttf"; sourceTree = "<group>"; };
		A75BF8EB2CA3F6E500BD735B /* DancingScript-Regular.ttf */ = {isa = PBXFileReference; lastKnownFileType = file; path = "DancingScript-Regular.ttf"; sourceTree = "<group>"; };
		A75BF8EC2CA3F6E500BD735B /* DancingScript-SemiBold.ttf */ = {isa = PBXFileReference; lastKnownFileType = file; path = "DancingScript-SemiBold.ttf"; sourceTree = "<group>"; };
		A75BF8EE2CA3F6E500BD735B /* Roboto-Medium.ttf */ = {isa = PBXFileReference; lastKnownFileType = file; path = "Roboto-Medium.ttf"; sourceTree = "<group>"; };
		A75BF8EF2CA3F6E500BD735B /* JosefinSans-Bold.ttf */ = {isa = PBXFileReference; lastKnownFileType = file; path = "JosefinSans-Bold.ttf"; sourceTree = "<group>"; };
		A75BF8F02CA3F6E500BD735B /* Roboto-Regular.ttf */ = {isa = PBXFileReference; lastKnownFileType = file; path = "Roboto-Regular.ttf"; sourceTree = "<group>"; };
		A75BF8F12CA3F6E500BD735B /* JosefinSans-SemiBold.ttf */ = {isa = PBXFileReference; lastKnownFileType = file; path = "JosefinSans-SemiBold.ttf"; sourceTree = "<group>"; };
		A75BF8F22CA3F6E500BD735B /* JosefinSans-Regular.ttf */ = {isa = PBXFileReference; lastKnownFileType = file; path = "JosefinSans-Regular.ttf"; sourceTree = "<group>"; };
		A75BF8F32CA3F6E500BD735B /* Roboto-Bold.ttf */ = {isa = PBXFileReference; lastKnownFileType = file; path = "Roboto-Bold.ttf"; sourceTree = "<group>"; };
		A75BF8F42CA3F6E500BD735B /* SceneDelegate.swift */ = {isa = PBXFileReference; fileEncoding = 4; lastKnownFileType = sourcecode.swift; path = SceneDelegate.swift; sourceTree = "<group>"; };
		A75BF9072CA3F75400BD735B /* PayUUPIBoltBaseKit.framework */ = {isa = PBXFileReference; explicitFileType = wrapper.framework; path = PayUUPIBoltBaseKit.framework; sourceTree = BUILT_PRODUCTS_DIR; };
		A75BF9082CA3F75400BD735B /* PayUUPIBoltKit.framework */ = {isa = PBXFileReference; explicitFileType = wrapper.framework; path = PayUUPIBoltKit.framework; sourceTree = BUILT_PRODUCTS_DIR; };
		A75BF9092CA3F75400BD735B /* PayUUPIBoltUIKit.framework */ = {isa = PBXFileReference; explicitFileType = wrapper.framework; path = PayUUPIBoltUIKit.framework; sourceTree = BUILT_PRODUCTS_DIR; };
		A75BF90A2CA3F75400BD735B /* PayUUPIHdfcPluginKit.framework */ = {isa = PBXFileReference; explicitFileType = wrapper.framework; path = PayUUPIHdfcPluginKit.framework; sourceTree = BUILT_PRODUCTS_DIR; };
		A75BF9142CA3F75D00BD735B /* OlivePayLibrary.xcframework */ = {isa = PBXFileReference; lastKnownFileType = wrapper.xcframework; name = OlivePayLibrary.xcframework; path = ../../Dependency/Frameworks/OlivePayLibrary.xcframework; sourceTree = "<group>"; };
		A75BF9152CA3F75D00BD735B /* CommonLibrary.xcframework */ = {isa = PBXFileReference; lastKnownFileType = wrapper.xcframework; name = CommonLibrary.xcframework; path = ../../Dependency/Frameworks/CommonLibrary.xcframework; sourceTree = "<group>"; };
/* End PBXFileReference section */

/* Begin PBXFrameworksBuildPhase section */
		A75BF8BB2CA3F64600BD735B /* Frameworks */ = {
			isa = PBXFrameworksBuildPhase;
			buildActionMask = 2147483647;
			files = (
				A7A876292D01DBFE0050C193 /* PayUIndia-UPIBoltKit in Frameworks */,
				A7A8762B2D01DBFE0050C193 /* PayUIndia-UPIBoltUIKit in Frameworks */,
			);
			runOnlyForDeploymentPostprocessing = 0;
		};
/* End PBXFrameworksBuildPhase section */

/* Begin PBXGroup section */
		5EC50BAD02A789EEFCA7C2E2 /* Frameworks */ = {
			isa = PBXGroup;
			children = (
				A75BF9152CA3F75D00BD735B /* CommonLibrary.xcframework */,
				A75BF9142CA3F75D00BD735B /* OlivePayLibrary.xcframework */,
				A75BF9072CA3F75400BD735B /* PayUUPIBoltBaseKit.framework */,
				A75BF9082CA3F75400BD735B /* PayUUPIBoltKit.framework */,
				A75BF9092CA3F75400BD735B /* PayUUPIBoltUIKit.framework */,
				A75BF90A2CA3F75400BD735B /* PayUUPIHdfcPluginKit.framework */,
			);
			name = Frameworks;
			sourceTree = "<group>";
		};
		A75BF8B52CA3F64600BD735B = {
			isa = PBXGroup;
			children = (
				A75BF8C02CA3F64600BD735B /* PayUUPIBoltSwiftSampleApp */,
				A75BF8BF2CA3F64600BD735B /* Products */,
				5EC50BAD02A789EEFCA7C2E2 /* Frameworks */,
			);
			sourceTree = "<group>";
		};
		A75BF8BF2CA3F64600BD735B /* Products */ = {
			isa = PBXGroup;
			children = (
				A75BF8BE2CA3F64600BD735B /* PayUUPIBoltSwiftSampleApp.app */,
			);
			name = Products;
			sourceTree = "<group>";
		};
		A75BF8C02CA3F64600BD735B /* PayUUPIBoltSwiftSampleApp */ = {
			isa = PBXGroup;
			children = (
				A75BF8DD2CA3F6E500BD735B /* Common Files For Swift & ObjC */,
				A75BF8D62CA3F6CA00BD735B /* SDKHelper.swift */,
				A75BF8D72CA3F6CA00BD735B /* BoltSDKHelper.swift */,
				A75BF8D82CA3F6CA00BD735B /* Info.plist */,
			);
			path = PayUUPIBoltSwiftSampleApp;
			sourceTree = "<group>";
		};
		A75BF8DD2CA3F6E500BD735B /* Common Files For Swift & ObjC */ = {
			isa = PBXGroup;
			children = (
				A75BF8E62CA3F6E500BD735B /* AppDelegate.swift */,
				A75BF8F42CA3F6E500BD735B /* SceneDelegate.swift */,
				A75BF8DE2CA3F6E500BD735B /* ViewController.swift */,
				A75BF8DF2CA3F6E500BD735B /* BoltAPIsTestViewController.swift */,
				A75BF8E02CA3F6E500BD735B /* Assets.xcassets */,
				A75BF8E12CA3F6E500BD735B /* LaunchScreen.storyboard */,
				A75BF8E32CA3F6E500BD735B /* Main.storyboard */,
				A75BF8E52CA3F6E500BD735B /* Utils.swift */,
				A75BF8E72CA3F6E500BD735B /* Fonts */,
			);
			name = "Common Files For Swift & ObjC";
			path = "../../Common Files For Swift & ObjC";
			sourceTree = "<group>";
		};
		A75BF8E72CA3F6E500BD735B /* Fonts */ = {
			isa = PBXGroup;
			children = (
				A75BF8E82CA3F6E500BD735B /* DancingScript */,
				A75BF8ED2CA3F6E500BD735B /* JosefinSans */,
			);
			path = Fonts;
			sourceTree = "<group>";
		};
		A75BF8E82CA3F6E500BD735B /* DancingScript */ = {
			isa = PBXGroup;
			children = (
				A75BF8E92CA3F6E500BD735B /* DancingScript-Bold.ttf */,
				A75BF8EA2CA3F6E500BD735B /* DancingScript-Medium.ttf */,
				A75BF8EB2CA3F6E500BD735B /* DancingScript-Regular.ttf */,
				A75BF8EC2CA3F6E500BD735B /* DancingScript-SemiBold.ttf */,
			);
			path = DancingScript;
			sourceTree = "<group>";
		};
		A75BF8ED2CA3F6E500BD735B /* JosefinSans */ = {
			isa = PBXGroup;
			children = (
				A75BF8EE2CA3F6E500BD735B /* Roboto-Medium.ttf */,
				A75BF8EF2CA3F6E500BD735B /* JosefinSans-Bold.ttf */,
				A75BF8F02CA3F6E500BD735B /* Roboto-Regular.ttf */,
				A75BF8F12CA3F6E500BD735B /* JosefinSans-SemiBold.ttf */,
				A75BF8F22CA3F6E500BD735B /* JosefinSans-Regular.ttf */,
				A75BF8F32CA3F6E500BD735B /* Roboto-Bold.ttf */,
			);
			path = JosefinSans;
			sourceTree = "<group>";
		};
/* End PBXGroup section */

/* Begin PBXNativeTarget section */
		A75BF8BD2CA3F64600BD735B /* PayUUPIBoltSwiftSampleApp */ = {
			isa = PBXNativeTarget;
			buildConfigurationList = A75BF8D22CA3F64700BD735B /* Build configuration list for PBXNativeTarget "PayUUPIBoltSwiftSampleApp" */;
			buildPhases = (
				A75BF8BA2CA3F64600BD735B /* Sources */,
				A75BF8BB2CA3F64600BD735B /* Frameworks */,
				A75BF8BC2CA3F64600BD735B /* Resources */,
				A79B7B322D01D70400E21FA4 /* Embed Frameworks */,
			);
			buildRules = (
			);
			dependencies = (
			);
			name = PayUUPIBoltSwiftSampleApp;
			productName = PayUUPIBoltSwiftSampleApp;
			productReference = A75BF8BE2CA3F64600BD735B /* PayUUPIBoltSwiftSampleApp.app */;
			productType = "com.apple.product-type.application";
		};
/* End PBXNativeTarget section */

/* Begin PBXProject section */
		A75BF8B62CA3F64600BD735B /* Project object */ = {
			isa = PBXProject;
			attributes = {
				BuildIndependentTargetsInParallel = 1;
				LastSwiftUpdateCheck = 1510;
				LastUpgradeCheck = 1510;
				TargetAttributes = {
					A75BF8BD2CA3F64600BD735B = {
						CreatedOnToolsVersion = 15.1;
						LastSwiftMigration = 1510;
					};
				};
			};
			buildConfigurationList = A75BF8B92CA3F64600BD735B /* Build configuration list for PBXProject "PayUUPIBoltSwiftSampleApp" */;
			compatibilityVersion = "Xcode 14.0";
			developmentRegion = en;
			hasScannedForEncodings = 0;
			knownRegions = (
				en,
				Base,
			);
			mainGroup = A75BF8B52CA3F64600BD735B;
			packageReferences = (
				A7A876272D01DBFE0050C193 /* XCRemoteSwiftPackageReference "payu-upi-bolt-ios" */,
			);
			productRefGroup = A75BF8BF2CA3F64600BD735B /* Products */;
			projectDirPath = "";
			projectRoot = "";
			targets = (
				A75BF8BD2CA3F64600BD735B /* PayUUPIBoltSwiftSampleApp */,
			);
		};
/* End PBXProject section */

/* Begin PBXResourcesBuildPhase section */
		A75BF8BC2CA3F64600BD735B /* Resources */ = {
			isa = PBXResourcesBuildPhase;
			buildActionMask = 2147483647;
			files = (
				A75BF9052CA3F6E500BD735B /* Roboto-Bold.ttf in Resources */,
				A75BF8F82CA3F6E500BD735B /* LaunchScreen.storyboard in Resources */,
				A75BF9022CA3F6E500BD735B /* Roboto-Regular.ttf in Resources */,
				A75BF8F72CA3F6E500BD735B /* Assets.xcassets in Resources */,
				A75BF8FF2CA3F6E500BD735B /* DancingScript-SemiBold.ttf in Resources */,
				A75BF8FE2CA3F6E500BD735B /* DancingScript-Regular.ttf in Resources */,
				A75BF8FD2CA3F6E500BD735B /* DancingScript-Medium.ttf in Resources */,
				A75BF9032CA3F6E500BD735B /* JosefinSans-SemiBold.ttf in Resources */,
				A75BF8F92CA3F6E500BD735B /* Main.storyboard in Resources */,
				A75BF8FC2CA3F6E500BD735B /* DancingScript-Bold.ttf in Resources */,
				A75BF9002CA3F6E500BD735B /* Roboto-Medium.ttf in Resources */,
				A75BF9012CA3F6E500BD735B /* JosefinSans-Bold.ttf in Resources */,
				A75BF9042CA3F6E500BD735B /* JosefinSans-Regular.ttf in Resources */,
			);
			runOnlyForDeploymentPostprocessing = 0;
		};
/* End PBXResourcesBuildPhase section */

/* Begin PBXSourcesBuildPhase section */
		A75BF8BA2CA3F64600BD735B /* Sources */ = {
			isa = PBXSourcesBuildPhase;
			buildActionMask = 2147483647;
			files = (
				A75BF8F62CA3F6E500BD735B /* BoltAPIsTestViewController.swift in Sources */,
				A75BF8DB2CA3F6CA00BD735B /* BoltSDKHelper.swift in Sources */,
				A75BF8DA2CA3F6CA00BD735B /* SDKHelper.swift in Sources */,
				A75BF8F52CA3F6E500BD735B /* ViewController.swift in Sources */,
				A75BF8FB2CA3F6E500BD735B /* AppDelegate.swift in Sources */,
				A75BF8FA2CA3F6E500BD735B /* Utils.swift in Sources */,
				A75BF9062CA3F6E500BD735B /* SceneDelegate.swift in Sources */,
			);
			runOnlyForDeploymentPostprocessing = 0;
		};
/* End PBXSourcesBuildPhase section */

/* Begin PBXVariantGroup section */
		A75BF8E12CA3F6E500BD735B /* LaunchScreen.storyboard */ = {
			isa = PBXVariantGroup;
			children = (
				A75BF8E22CA3F6E500BD735B /* Base */,
			);
			name = LaunchScreen.storyboard;
			sourceTree = "<group>";
		};
		A75BF8E32CA3F6E500BD735B /* Main.storyboard */ = {
			isa = PBXVariantGroup;
			children = (
				A75BF8E42CA3F6E500BD735B /* Base */,
			);
			name = Main.storyboard;
			sourceTree = "<group>";
		};
/* End PBXVariantGroup section */

/* Begin XCBuildConfiguration section */
		A75BF8D02CA3F64700BD735B /* Debug */ = {
			isa = XCBuildConfiguration;
			buildSettings = {
				ALWAYS_SEARCH_USER_PATHS = NO;
				ASSETCATALOG_COMPILER_GENERATE_SWIFT_ASSET_SYMBOL_EXTENSIONS = YES;
				CLANG_ANALYZER_NONNULL = YES;
				CLANG_ANALYZER_NUMBER_OBJECT_CONVERSION = YES_AGGRESSIVE;
				CLANG_CXX_LANGUAGE_STANDARD = "gnu++20";
				CLANG_ENABLE_MODULES = YES;
				CLANG_ENABLE_OBJC_ARC = YES;
				CLANG_ENABLE_OBJC_WEAK = YES;
				CLANG_WARN_BLOCK_CAPTURE_AUTORELEASING = YES;
				CLANG_WARN_BOOL_CONVERSION = YES;
				CLANG_WARN_COMMA = YES;
				CLANG_WARN_CONSTANT_CONVERSION = YES;
				CLANG_WARN_DEPRECATED_OBJC_IMPLEMENTATIONS = YES;
				CLANG_WARN_DIRECT_OBJC_ISA_USAGE = YES_ERROR;
				CLANG_WARN_DOCUMENTATION_COMMENTS = YES;
				CLANG_WARN_EMPTY_BODY = YES;
				CLANG_WARN_ENUM_CONVERSION = YES;
				CLANG_WARN_INFINITE_RECURSION = YES;
				CLANG_WARN_INT_CONVERSION = YES;
				CLANG_WARN_NON_LITERAL_NULL_CONVERSION = YES;
				CLANG_WARN_OBJC_IMPLICIT_RETAIN_SELF = YES;
				CLANG_WARN_OBJC_LITERAL_CONVERSION = YES;
				CLANG_WARN_OBJC_ROOT_CLASS = YES_ERROR;
				CLANG_WARN_QUOTED_INCLUDE_IN_FRAMEWORK_HEADER = YES;
				CLANG_WARN_RANGE_LOOP_ANALYSIS = YES;
				CLANG_WARN_STRICT_PROTOTYPES = YES;
				CLANG_WARN_SUSPICIOUS_MOVE = YES;
				CLANG_WARN_UNGUARDED_AVAILABILITY = YES_AGGRESSIVE;
				CLANG_WARN_UNREACHABLE_CODE = YES;
				CLANG_WARN__DUPLICATE_METHOD_MATCH = YES;
				COPY_PHASE_STRIP = NO;
				DEBUG_INFORMATION_FORMAT = dwarf;
				ENABLE_STRICT_OBJC_MSGSEND = YES;
				ENABLE_TESTABILITY = YES;
				ENABLE_USER_SCRIPT_SANDBOXING = YES;
				GCC_C_LANGUAGE_STANDARD = gnu17;
				GCC_DYNAMIC_NO_PIC = NO;
				GCC_NO_COMMON_BLOCKS = YES;
				GCC_OPTIMIZATION_LEVEL = 0;
				GCC_PREPROCESSOR_DEFINITIONS = (
					"DEBUG=1",
					"$(inherited)",
				);
				GCC_WARN_64_TO_32_BIT_CONVERSION = YES;
				GCC_WARN_ABOUT_RETURN_TYPE = YES_ERROR;
				GCC_WARN_UNDECLARED_SELECTOR = YES;
				GCC_WARN_UNINITIALIZED_AUTOS = YES_AGGRESSIVE;
				GCC_WARN_UNUSED_FUNCTION = YES;
				GCC_WARN_UNUSED_VARIABLE = YES;
				IPHONEOS_DEPLOYMENT_TARGET = 17.0;
				LOCALIZATION_PREFERS_STRING_CATALOGS = YES;
				MTL_ENABLE_DEBUG_INFO = INCLUDE_SOURCE;
				MTL_FAST_MATH = YES;
				ONLY_ACTIVE_ARCH = YES;
				SDKROOT = iphoneos;
				SWIFT_ACTIVE_COMPILATION_CONDITIONS = "DEBUG $(inherited)";
				SWIFT_OPTIMIZATION_LEVEL = "-Onone";
			};
			name = Debug;
		};
		A75BF8D12CA3F64700BD735B /* Release */ = {
			isa = XCBuildConfiguration;
			buildSettings = {
				ALWAYS_SEARCH_USER_PATHS = NO;
				ASSETCATALOG_COMPILER_GENERATE_SWIFT_ASSET_SYMBOL_EXTENSIONS = YES;
				CLANG_ANALYZER_NONNULL = YES;
				CLANG_ANALYZER_NUMBER_OBJECT_CONVERSION = YES_AGGRESSIVE;
				CLANG_CXX_LANGUAGE_STANDARD = "gnu++20";
				CLANG_ENABLE_MODULES = YES;
				CLANG_ENABLE_OBJC_ARC = YES;
				CLANG_ENABLE_OBJC_WEAK = YES;
				CLANG_WARN_BLOCK_CAPTURE_AUTORELEASING = YES;
				CLANG_WARN_BOOL_CONVERSION = YES;
				CLANG_WARN_COMMA = YES;
				CLANG_WARN_CONSTANT_CONVERSION = YES;
				CLANG_WARN_DEPRECATED_OBJC_IMPLEMENTATIONS = YES;
				CLANG_WARN_DIRECT_OBJC_ISA_USAGE = YES_ERROR;
				CLANG_WARN_DOCUMENTATION_COMMENTS = YES;
				CLANG_WARN_EMPTY_BODY = YES;
				CLANG_WARN_ENUM_CONVERSION = YES;
				CLANG_WARN_INFINITE_RECURSION = YES;
				CLANG_WARN_INT_CONVERSION = YES;
				CLANG_WARN_NON_LITERAL_NULL_CONVERSION = YES;
				CLANG_WARN_OBJC_IMPLICIT_RETAIN_SELF = YES;
				CLANG_WARN_OBJC_LITERAL_CONVERSION = YES;
				CLANG_WARN_OBJC_ROOT_CLASS = YES_ERROR;
				CLANG_WARN_QUOTED_INCLUDE_IN_FRAMEWORK_HEADER = YES;
				CLANG_WARN_RANGE_LOOP_ANALYSIS = YES;
				CLANG_WARN_STRICT_PROTOTYPES = YES;
				CLANG_WARN_SUSPICIOUS_MOVE = YES;
				CLANG_WARN_UNGUARDED_AVAILABILITY = YES_AGGRESSIVE;
				CLANG_WARN_UNREACHABLE_CODE = YES;
				CLANG_WARN__DUPLICATE_METHOD_MATCH = YES;
				COPY_PHASE_STRIP = NO;
				DEBUG_INFORMATION_FORMAT = "dwarf-with-dsym";
				ENABLE_NS_ASSERTIONS = NO;
				ENABLE_STRICT_OBJC_MSGSEND = YES;
				ENABLE_USER_SCRIPT_SANDBOXING = YES;
				GCC_C_LANGUAGE_STANDARD = gnu17;
				GCC_NO_COMMON_BLOCKS = YES;
				GCC_WARN_64_TO_32_BIT_CONVERSION = YES;
				GCC_WARN_ABOUT_RETURN_TYPE = YES_ERROR;
				GCC_WARN_UNDECLARED_SELECTOR = YES;
				GCC_WARN_UNINITIALIZED_AUTOS = YES_AGGRESSIVE;
				GCC_WARN_UNUSED_FUNCTION = YES;
				GCC_WARN_UNUSED_VARIABLE = YES;
				IPHONEOS_DEPLOYMENT_TARGET = 17.0;
				LOCALIZATION_PREFERS_STRING_CATALOGS = YES;
				MTL_ENABLE_DEBUG_INFO = NO;
				MTL_FAST_MATH = YES;
				SDKROOT = iphoneos;
				SWIFT_COMPILATION_MODE = wholemodule;
				VALIDATE_PRODUCT = YES;
			};
			name = Release;
		};
		A75BF8D32CA3F64700BD735B /* Debug */ = {
			isa = XCBuildConfiguration;
			buildSettings = {
				ASSETCATALOG_COMPILER_APPICON_NAME = AppIcon;
				ASSETCATALOG_COMPILER_GLOBAL_ACCENT_COLOR_NAME = AccentColor;
				CLANG_ANALYZER_OBJC_ATSYNC = YES;
				CLANG_ENABLE_MODULES = YES;
				CODE_SIGN_STYLE = Automatic;
				CURRENT_PROJECT_VERSION = 1;
				DEVELOPMENT_TEAM = 3T2M5UN5C5;
				ENABLE_MODULE_VERIFIER = NO;
				ENABLE_USER_SCRIPT_SANDBOXING = NO;
				GENERATE_INFOPLIST_FILE = YES;
				INFOPLIST_FILE = PayUUPIBoltSwiftSampleApp/Info.plist;
				INFOPLIST_KEY_CFBundleDisplayName = UPI;
				INFOPLIST_KEY_UIApplicationSupportsIndirectInputEvents = YES;
				INFOPLIST_KEY_UILaunchStoryboardName = LaunchScreen;
				INFOPLIST_KEY_UIMainStoryboardFile = Main;
				INFOPLIST_KEY_UISupportedInterfaceOrientations = UIInterfaceOrientationPortrait;
				IPHONEOS_DEPLOYMENT_TARGET = 17.0;
				LD_RUNPATH_SEARCH_PATHS = (
					"$(inherited)",
					"@executable_path/Frameworks",
				);
				MARKETING_VERSION = 1.0;
				PRODUCT_BUNDLE_IDENTIFIER = com.payu.upiplugin;
				PRODUCT_NAME = "$(TARGET_NAME)";
				SWIFT_EMIT_LOC_STRINGS = YES;
				SWIFT_OPTIMIZATION_LEVEL = "-Onone";
				SWIFT_VERSION = 5.0;
				TARGETED_DEVICE_FAMILY = "1,2";
			};
			name = Debug;
		};
		A75BF8D42CA3F64700BD735B /* Release */ = {
			isa = XCBuildConfiguration;
			buildSettings = {
				ASSETCATALOG_COMPILER_APPICON_NAME = AppIcon;
				ASSETCATALOG_COMPILER_GLOBAL_ACCENT_COLOR_NAME = AccentColor;
				CLANG_ANALYZER_OBJC_ATSYNC = YES;
				CLANG_ENABLE_MODULES = YES;
				CODE_SIGN_STYLE = Automatic;
				CURRENT_PROJECT_VERSION = 1;
				DEVELOPMENT_TEAM = 3T2M5UN5C5;
				ENABLE_MODULE_VERIFIER = YES;
				ENABLE_USER_SCRIPT_SANDBOXING = NO;
				GENERATE_INFOPLIST_FILE = YES;
				INFOPLIST_FILE = PayUUPIBoltSwiftSampleApp/Info.plist;
				INFOPLIST_KEY_CFBundleDisplayName = UPI;
				INFOPLIST_KEY_UIApplicationSupportsIndirectInputEvents = YES;
				INFOPLIST_KEY_UILaunchStoryboardName = LaunchScreen;
				INFOPLIST_KEY_UIMainStoryboardFile = Main;
				INFOPLIST_KEY_UISupportedInterfaceOrientations = UIInterfaceOrientationPortrait;
				IPHONEOS_DEPLOYMENT_TARGET = 17.0;
				LD_RUNPATH_SEARCH_PATHS = (
					"$(inherited)",
					"@executable_path/Frameworks",
				);
				MARKETING_VERSION = 1.0;
				PRODUCT_BUNDLE_IDENTIFIER = com.payu.upiplugin;
				PRODUCT_NAME = "$(TARGET_NAME)";
				SWIFT_EMIT_LOC_STRINGS = YES;
				SWIFT_VERSION = 5.0;
				TARGETED_DEVICE_FAMILY = "1,2";
			};
			name = Release;
		};
/* End XCBuildConfiguration section */

/* Begin XCConfigurationList section */
		A75BF8B92CA3F64600BD735B /* Build configuration list for PBXProject "PayUUPIBoltSwiftSampleApp" */ = {
			isa = XCConfigurationList;
			buildConfigurations = (
				A75BF8D02CA3F64700BD735B /* Debug */,
				A75BF8D12CA3F64700BD735B /* Release */,
			);
			defaultConfigurationIsVisible = 0;
			defaultConfigurationName = Release;
		};
		A75BF8D22CA3F64700BD735B /* Build configuration list for PBXNativeTarget "PayUUPIBoltSwiftSampleApp" */ = {
			isa = XCConfigurationList;
			buildConfigurations = (
				A75BF8D32CA3F64700BD735B /* Debug */,
				A75BF8D42CA3F64700BD735B /* Release */,
			);
			defaultConfigurationIsVisible = 0;
			defaultConfigurationName = Release;
		};
/* End XCConfigurationList section */

/* Begin XCRemoteSwiftPackageReference section */
		A7A876272D01DBFE0050C193 /* XCRemoteSwiftPackageReference "payu-upi-bolt-ios" */ = {
			isa = XCRemoteSwiftPackageReference;
			repositoryURL = "https://github.com/payu-intrepos/payu-upi-bolt-ios";
			requirement = {
				kind = upToNextMajorVersion;
				minimumVersion = 1.0.0;
			};
		};
/* End XCRemoteSwiftPackageReference section */

/* Begin XCSwiftPackageProductDependency section */
		A7A876282D01DBFE0050C193 /* PayUIndia-UPIBoltKit */ = {
			isa = XCSwiftPackageProductDependency;
			package = A7A876272D01DBFE0050C193 /* XCRemoteSwiftPackageReference "payu-upi-bolt-ios" */;
			productName = "PayUIndia-UPIBoltKit";
		};
		A7A8762A2D01DBFE0050C193 /* PayUIndia-UPIBoltUIKit */ = {
			isa = XCSwiftPackageProductDependency;
			package = A7A876272D01DBFE0050C193 /* XCRemoteSwiftPackageReference "payu-upi-bolt-ios" */;
			productName = "PayUIndia-UPIBoltUIKit";
		};
/* End XCSwiftPackageProductDependency section */
	};
	rootObject = A75BF8B62CA3F64600BD735B /* Project object */;
}
