PODS:
  - PayUIndia-Analytics (4.0.2):
    - PayUIndia-NetworkReachability (~> 2.1)
  - PayUIndia-AssetLibrary (4.0.1)
  - PayUIndia-CrashReporter (4.0.1)
  - PayUIndia-NetworkReachability (2.1.1)
  - PayUIndia-UPIBoltBaseKit (1.0.1)
  - PayUIndia-UPIBoltKit (1.0.1):
    - PayUIndia-Analytics (~> 4.0)
    - PayUIndia-AssetLibrary (~> 4.0)
    - PayUIndia-CrashReporter (~> 4.0)
    - PayUIndia-NetworkReachability (~> 2.1)
    - PayUIndia-UPIBoltBaseKit (~> 1.0)
  - PayUIndia-UPIBoltUIKit (1.0.1):
    - PayUIndia-UPIBoltKit (~> 1.0)

DEPENDENCIES:
  - PayUIndia-UPIBoltUIKit

SPEC REPOS:
  trunk:
    - PayUIndia-Analytics
    - PayUIndia-AssetLibrary
    - PayUIndia-CrashReporter
    - PayUIndia-NetworkReachability
    - PayUIndia-UPIBoltBaseKit
    - PayUIndia-UPIBoltKit
    - PayUIndia-UPIBoltUIKit

SPEC CHECKSUMS:
  PayUIndia-Analytics: 90a4c1a9d3f7a79422a4f4b0c3d9f5a8362b89fb
  PayUIndia-AssetLibrary: e40d7697c37aea55f184e29564e2f8b63a63b472
  PayUIndia-CrashReporter: 37ee5e6103a7d6bc427e5460b3b2ce4ce0e9677b
  PayUIndia-NetworkReachability: 581c04b9ea3a8aaa78faef179ad819759942f381
  PayUIndia-UPIBoltBaseKit: 08c36668c168b4405ad356fa009caae55f5f7cc0
  PayUIndia-UPIBoltKit: 0fd71dd1469bc13b8d0f87a3b0223931f3ab3317
  PayUIndia-UPIBoltUIKit: 740a56affc289551f202ccf1a87efeb061b78fbc

PODFILE CHECKSUM: d98aa7f6980c4100472d3156322330cc82e2dda3

COCOAPODS: 1.16.2
